// !$*UTF8*$!
{
	archiveVersion = 1;
	classes = {
	};
	objectVersion = 56;
	objects = {

/* Begin PBXBuildFile section */
		A91FF6512C241C2A00941170 /* OnboardingView.swift in Sources */ = {isa = PBXBuildFile; fileRef = A91FF6502C241C2A00941170 /* OnboardingView.swift */; };
		D60DEBF62C21C6F300FBB141 /* CoreImageAppApp.swift in Sources */ = {isa = PBXBuildFile; fileRef = D60DEBF52C21C6F300FBB141 /* CoreImageAppApp.swift */; };
		D60DEBF82C21C6F300FBB141 /* ContentView.swift in Sources */ = {isa = PBXBuildFile; fileRef = D60DEBF72C21C6F300FBB141 /* ContentView.swift */; };
		D60DEBFA2C21C6F400FBB141 /* Assets.xcassets in Resources */ = {isa = PBXBuildFile; fileRef = D60DEBF92C21C6F400FBB141 /* Assets.xcassets */; };
		D60DEBFD2C21C6F400FBB141 /* Preview Assets.xcassets in Resources */ = {isa = PBXBuildFile; fileRef = D60DEBFC2C21C6F400FBB141 /* Preview Assets.xcassets */; };
		D60DEC042C21C70C00FBB141 /* PhotoPickView.swift in Sources */ = {isa = PBXBuildFile; fileRef = D60DEC032C21C70C00FBB141 /* PhotoPickView.swift */; };
		D60DEC062C21C72300FBB141 /* FilterListView.swift in Sources */ = {isa = PBXBuildFile; fileRef = D60DEC052C21C72300FBB141 /* FilterListView.swift */; };
		D60DEC082C21C73500FBB141 /* SingleImageView.swift in Sources */ = {isa = PBXBuildFile; fileRef = D60DEC072C21C73500FBB141 /* SingleImageView.swift */; };
		D60DEC0A2C21FD3F00FBB141 /* ImagePicker.swift in Sources */ = {isa = PBXBuildFile; fileRef = D60DEC092C21FD3F00FBB141 /* ImagePicker.swift */; };
		D60DEC0C2C22027200FBB141 /* pudding.jpg in Resources */ = {isa = PBXBuildFile; fileRef = D60DEC0B2C22027200FBB141 /* pudding.jpg */; };
/* End PBXBuildFile section */

/* Begin PBXFileReference section */
		A91FF6502C241C2A00941170 /* OnboardingView.swift */ = {isa = PBXFileReference; lastKnownFileType = sourcecode.swift; path = OnboardingView.swift; sourceTree = "<group>"; };
		D60DEBF22C21C6F300FBB141 /* CoreImageApp.app */ = {isa = PBXFileReference; explicitFileType = wrapper.application; includeInIndex = 0; path = CoreImageApp.app; sourceTree = BUILT_PRODUCTS_DIR; };
		D60DEBF52C21C6F300FBB141 /* CoreImageAppApp.swift */ = {isa = PBXFileReference; lastKnownFileType = sourcecode.swift; path = CoreImageAppApp.swift; sourceTree = "<group>"; };
		D60DEBF72C21C6F300FBB141 /* ContentView.swift */ = {isa = PBXFileReference; lastKnownFileType = sourcecode.swift; path = ContentView.swift; sourceTree = "<group>"; };
		D60DEBF92C21C6F400FBB141 /* Assets.xcassets */ = {isa = PBXFileReference; lastKnownFileType = folder.assetcatalog; path = Assets.xcassets; sourceTree = "<group>"; };
		D60DEBFC2C21C6F400FBB141 /* Preview Assets.xcassets */ = {isa = PBXFileReference; lastKnownFileType = folder.assetcatalog; path = "Preview Assets.xcassets"; sourceTree = "<group>"; };
		D60DEC032C21C70C00FBB141 /* PhotoPickView.swift */ = {isa = PBXFileReference; lastKnownFileType = sourcecode.swift; path = PhotoPickView.swift; sourceTree = "<group>"; };
		D60DEC052C21C72300FBB141 /* FilterListView.swift */ = {isa = PBXFileReference; lastKnownFileType = sourcecode.swift; path = FilterListView.swift; sourceTree = "<group>"; };
		D60DEC072C21C73500FBB141 /* SingleImageView.swift */ = {isa = PBXFileReference; lastKnownFileType = sourcecode.swift; path = SingleImageView.swift; sourceTree = "<group>"; };
		D60DEC092C21FD3F00FBB141 /* ImagePicker.swift */ = {isa = PBXFileReference; lastKnownFileType = sourcecode.swift; path = ImagePicker.swift; sourceTree = "<group>"; };
		D60DEC0B2C22027200FBB141 /* pudding.jpg */ = {isa = PBXFileReference; lastKnownFileType = image.jpeg; path = pudding.jpg; sourceTree = "<group>"; };
/* End PBXFileReference section */

/* Begin PBXFrameworksBuildPhase section */
		D60DEBEF2C21C6F300FBB141 /* Frameworks */ = {
			isa = PBXFrameworksBuildPhase;
			buildActionMask = 2147483647;
			files = (
			);
			runOnlyForDeploymentPostprocessing = 0;
		};
/* End PBXFrameworksBuildPhase section */

/* Begin PBXGroup section */
		D60DEBE92C21C6F300FBB141 = {
			isa = PBXGroup;
			children = (
				D60DEBF42C21C6F300FBB141 /* CoreImageApp */,
				D60DEBF32C21C6F300FBB141 /* Products */,
			);
			sourceTree = "<group>";
		};
		D60DEBF32C21C6F300FBB141 /* Products */ = {
			isa = PBXGroup;
			children = (
				D60DEBF22C21C6F300FBB141 /* CoreImageApp.app */,
			);
			name = Products;
			sourceTree = "<group>";
		};
		D60DEBF42C21C6F300FBB141 /* CoreImageApp */ = {
			isa = PBXGroup;
			children = (
				A91FF6502C241C2A00941170 /* OnboardingView.swift */,
				D60DEBF52C21C6F300FBB141 /* CoreImageAppApp.swift */,
				D60DEBF72C21C6F300FBB141 /* ContentView.swift */,
				D60DEC032C21C70C00FBB141 /* PhotoPickView.swift */,
				D60DEC052C21C72300FBB141 /* FilterListView.swift */,
				D60DEC072C21C73500FBB141 /* SingleImageView.swift */,
				D60DEC092C21FD3F00FBB141 /* ImagePicker.swift */,
				D60DEBF92C21C6F400FBB141 /* Assets.xcassets */,
				D60DEBFB2C21C6F400FBB141 /* Preview Content */,
			);
			path = CoreImageApp;
			sourceTree = "<group>";
		};
		D60DEBFB2C21C6F400FBB141 /* Preview Content */ = {
			isa = PBXGroup;
			children = (
				D60DEC0B2C22027200FBB141 /* pudding.jpg */,
				D60DEBFC2C21C6F400FBB141 /* Preview Assets.xcassets */,
			);
			path = "Preview Content";
			sourceTree = "<group>";
		};
/* End PBXGroup section */

/* Begin PBXNativeTarget section */
		D60DEBF12C21C6F300FBB141 /* CoreImageApp */ = {
			isa = PBXNativeTarget;
			buildConfigurationList = D60DEC002C21C6F400FBB141 /* Build configuration list for PBXNativeTarget "CoreImageApp" */;
			buildPhases = (
				D60DEBEE2C21C6F300FBB141 /* Sources */,
				D60DEBEF2C21C6F300FBB141 /* Frameworks */,
				D60DEBF02C21C6F300FBB141 /* Resources */,
			);
			buildRules = (
			);
			dependencies = (
			);
			name = CoreImageApp;
			productName = CoreImageApp;
			productReference = D60DEBF22C21C6F300FBB141 /* CoreImageApp.app */;
			productType = "com.apple.product-type.application";
		};
/* End PBXNativeTarget section */

/* Begin PBXProject section */
		D60DEBEA2C21C6F300FBB141 /* Project object */ = {
			isa = PBXProject;
			attributes = {
				BuildIndependentTargetsInParallel = 1;
				LastSwiftUpdateCheck = 1530;
				LastUpgradeCheck = 1530;
				TargetAttributes = {
					D60DEBF12C21C6F300FBB141 = {
						CreatedOnToolsVersion = 15.3;
					};
				};
			};
			buildConfigurationList = D60DEBED2C21C6F300FBB141 /* Build configuration list for PBXProject "CoreImageApp" */;
			compatibilityVersion = "Xcode 14.0";
			developmentRegion = en;
			hasScannedForEncodings = 0;
			knownRegions = (
				en,
				Base,
			);
			mainGroup = D60DEBE92C21C6F300FBB141;
			productRefGroup = D60DEBF32C21C6F300FBB141 /* Products */;
			projectDirPath = "";
			projectRoot = "";
			targets = (
				D60DEBF12C21C6F300FBB141 /* CoreImageApp */,
			);
		};
/* End PBXProject section */

/* Begin PBXResourcesBuildPhase section */
		D60DEBF02C21C6F300FBB141 /* Resources */ = {
			isa = PBXResourcesBuildPhase;
			buildActionMask = 2147483647;
			files = (
				D60DEC0C2C22027200FBB141 /* pudding.jpg in Resources */,
				D60DEBFD2C21C6F400FBB141 /* Preview Assets.xcassets in Resources */,
				D60DEBFA2C21C6F400FBB141 /* Assets.xcassets in Resources */,
			);
			runOnlyForDeploymentPostprocessing = 0;
		};
/* End PBXResourcesBuildPhase section */

/* Begin PBXSourcesBuildPhase section */
		D60DEBEE2C21C6F300FBB141 /* Sources */ = {
			isa = PBXSourcesBuildPhase;
			buildActionMask = 2147483647;
			files = (
				D60DEC082C21C73500FBB141 /* SingleImageView.swift in Sources */,
				D60DEC062C21C72300FBB141 /* FilterListView.swift in Sources */,
				D60DEBF82C21C6F300FBB141 /* ContentView.swift in Sources */,
				D60DEC0A2C21FD3F00FBB141 /* ImagePicker.swift in Sources */,
				D60DEC042C21C70C00FBB141 /* PhotoPickView.swift in Sources */,
				D60DEBF62C21C6F300FBB141 /* CoreImageAppApp.swift in Sources */,
				A91FF6512C241C2A00941170 /* OnboardingView.swift in Sources */,
			);
			runOnlyForDeploymentPostprocessing = 0;
		};
/* End PBXSourcesBuildPhase section */

/* Begin XCBuildConfiguration section */
		D60DEBFE2C21C6F400FBB141 /* Debug */ = {
			isa = XCBuildConfiguration;
			buildSettings = {
				ALWAYS_SEARCH_USER_PATHS = NO;
				ASSETCATALOG_COMPILER_GENERATE_SWIFT_ASSET_SYMBOL_EXTENSIONS = YES;
				CLANG_ANALYZER_NONNULL = YES;
				CLANG_ANALYZER_NUMBER_OBJECT_CONVERSION = YES_AGGRESSIVE;
				CLANG_CXX_LANGUAGE_STANDARD = "gnu++20";
				CLANG_ENABLE_MODULES = YES;
				CLANG_ENABLE_OBJC_ARC = YES;
				CLANG_ENABLE_OBJC_WEAK = YES;
				CLANG_WARN_BLOCK_CAPTURE_AUTORELEASING = YES;
				CLANG_WARN_BOOL_CONVERSION = YES;
				CLANG_WARN_COMMA = YES;
				CLANG_WARN_CONSTANT_CONVERSION = YES;
				CLANG_WARN_DEPRECATED_OBJC_IMPLEMENTATIONS = YES;
				CLANG_WARN_DIRECT_OBJC_ISA_USAGE = YES_ERROR;
				CLANG_WARN_DOCUMENTATION_COMMENTS = YES;
				CLANG_WARN_EMPTY_BODY = YES;
				CLANG_WARN_ENUM_CONVERSION = YES;
				CLANG_WARN_INFINITE_RECURSION = YES;
				CLANG_WARN_INT_CONVERSION = YES;
				CLANG_WARN_NON_LITERAL_NULL_CONVERSION = YES;
				CLANG_WARN_OBJC_IMPLICIT_RETAIN_SELF = YES;
				CLANG_WARN_OBJC_LITERAL_CONVERSION = YES;
				CLANG_WARN_OBJC_ROOT_CLASS = YES_ERROR;
				CLANG_WARN_QUOTED_INCLUDE_IN_FRAMEWORK_HEADER = YES;
				CLANG_WARN_RANGE_LOOP_ANALYSIS = YES;
				CLANG_WARN_STRICT_PROTOTYPES = YES;
				CLANG_WARN_SUSPICIOUS_MOVE = YES;
				CLANG_WARN_UNGUARDED_AVAILABILITY = YES_AGGRESSIVE;
				CLANG_WARN_UNREACHABLE_CODE = YES;
				CLANG_WARN__DUPLICATE_METHOD_MATCH = YES;
				COPY_PHASE_STRIP = NO;
				DEBUG_INFORMATION_FORMAT = dwarf;
				ENABLE_STRICT_OBJC_MSGSEND = YES;
				ENABLE_TESTABILITY = YES;
				ENABLE_USER_SCRIPT_SANDBOXING = YES;
				GCC_C_LANGUAGE_STANDARD = gnu17;
				GCC_DYNAMIC_NO_PIC = NO;
				GCC_NO_COMMON_BLOCKS = YES;
				GCC_OPTIMIZATION_LEVEL = 0;
				GCC_PREPROCESSOR_DEFINITIONS = (
					"DEBUG=1",
					"$(inherited)",
				);
				GCC_WARN_64_TO_32_BIT_CONVERSION = YES;
				GCC_WARN_ABOUT_RETURN_TYPE = YES_ERROR;
				GCC_WARN_UNDECLARED_SELECTOR = YES;
				GCC_WARN_UNINITIALIZED_AUTOS = YES_AGGRESSIVE;
				GCC_WARN_UNUSED_FUNCTION = YES;
				GCC_WARN_UNUSED_VARIABLE = YES;
				IPHONEOS_DEPLOYMENT_TARGET = 17.4;
				LOCALIZATION_PREFERS_STRING_CATALOGS = YES;
				MTL_ENABLE_DEBUG_INFO = INCLUDE_SOURCE;
				MTL_FAST_MATH = YES;
				ONLY_ACTIVE_ARCH = YES;
				SDKROOT = iphoneos;
				SWIFT_ACTIVE_COMPILATION_CONDITIONS = "DEBUG $(inherited)";
				SWIFT_OPTIMIZATION_LEVEL = "-Onone";
			};
			name = Debug;
		};
		D60DEBFF2C21C6F400FBB141 /* Release */ = {
			isa = XCBuildConfiguration;
			buildSettings = {
				ALWAYS_SEARCH_USER_PATHS = NO;
				ASSETCATALOG_COMPILER_GENERATE_SWIFT_ASSET_SYMBOL_EXTENSIONS = YES;
				CLANG_ANALYZER_NONNULL = YES;
				CLANG_ANALYZER_NUMBER_OBJECT_CONVERSION = YES_AGGRESSIVE;
				CLANG_CXX_LANGUAGE_STANDARD = "gnu++20";
				CLANG_ENABLE_MODULES = YES;
				CLANG_ENABLE_OBJC_ARC = YES;
				CLANG_ENABLE_OBJC_WEAK = YES;
				CLANG_WARN_BLOCK_CAPTURE_AUTORELEASING = YES;
				CLANG_WARN_BOOL_CONVERSION = YES;
				CLANG_WARN_COMMA = YES;
				CLANG_WARN_CONSTANT_CONVERSION = YES;
				CLANG_WARN_DEPRECATED_OBJC_IMPLEMENTATIONS = YES;
				CLANG_WARN_DIRECT_OBJC_ISA_USAGE = YES_ERROR;
				CLANG_WARN_DOCUMENTATION_COMMENTS = YES;
				CLANG_WARN_EMPTY_BODY = YES;
				CLANG_WARN_ENUM_CONVERSION = YES;
				CLANG_WARN_INFINITE_RECURSION = YES;
				CLANG_WARN_INT_CONVERSION = YES;
				CLANG_WARN_NON_LITERAL_NULL_CONVERSION = YES;
				CLANG_WARN_OBJC_IMPLICIT_RETAIN_SELF = YES;
				CLANG_WARN_OBJC_LITERAL_CONVERSION = YES;
				CLANG_WARN_OBJC_ROOT_CLASS = YES_ERROR;
				CLANG_WARN_QUOTED_INCLUDE_IN_FRAMEWORK_HEADER = YES;
				CLANG_WARN_RANGE_LOOP_ANALYSIS = YES;
				CLANG_WARN_STRICT_PROTOTYPES = YES;
				CLANG_WARN_SUSPICIOUS_MOVE = YES;
				CLANG_WARN_UNGUARDED_AVAILABILITY = YES_AGGRESSIVE;
				CLANG_WARN_UNREACHABLE_CODE = YES;
				CLANG_WARN__DUPLICATE_METHOD_MATCH = YES;
				COPY_PHASE_STRIP = NO;
				DEBUG_INFORMATION_FORMAT = "dwarf-with-dsym";
				ENABLE_NS_ASSERTIONS = NO;
				ENABLE_STRICT_OBJC_MSGSEND = YES;
				ENABLE_USER_SCRIPT_SANDBOXING = YES;
				GCC_C_LANGUAGE_STANDARD = gnu17;
				GCC_NO_COMMON_BLOCKS = YES;
				GCC_WARN_64_TO_32_BIT_CONVERSION = YES;
				GCC_WARN_ABOUT_RETURN_TYPE = YES_ERROR;
				GCC_WARN_UNDECLARED_SELECTOR = YES;
				GCC_WARN_UNINITIALIZED_AUTOS = YES_AGGRESSIVE;
				GCC_WARN_UNUSED_FUNCTION = YES;
				GCC_WARN_UNUSED_VARIABLE = YES;
				IPHONEOS_DEPLOYMENT_TARGET = 17.4;
				LOCALIZATION_PREFERS_STRING_CATALOGS = YES;
				MTL_ENABLE_DEBUG_INFO = NO;
				MTL_FAST_MATH = YES;
				SDKROOT = iphoneos;
				SWIFT_COMPILATION_MODE = wholemodule;
				VALIDATE_PRODUCT = YES;
			};
			name = Release;
		};
		D60DEC012C21C6F400FBB141 /* Debug */ = {
			isa = XCBuildConfiguration;
			buildSettings = {
				ASSETCATALOG_COMPILER_APPICON_NAME = AppIcon;
				ASSETCATALOG_COMPILER_GLOBAL_ACCENT_COLOR_NAME = AccentColor;
				CODE_SIGN_STYLE = Automatic;
				CURRENT_PROJECT_VERSION = 1;
				DEVELOPMENT_ASSET_PATHS = "\"CoreImageApp/Preview Content\"";
				DEVELOPMENT_TEAM = Y4NF2XS64C;
				ENABLE_PREVIEWS = YES;
				GENERATE_INFOPLIST_FILE = YES;
				INFOPLIST_KEY_NSCameraUsageDescription = "카메라 좀 빌릴게욤";
				INFOPLIST_KEY_NSPhotoLibraryUsageDescription = "갤러리 가보자고";
				INFOPLIST_KEY_UIApplicationSceneManifest_Generation = YES;
				INFOPLIST_KEY_UIApplicationSupportsIndirectInputEvents = YES;
				INFOPLIST_KEY_UILaunchScreen_Generation = YES;
				INFOPLIST_KEY_UISupportedInterfaceOrientations_iPad = "UIInterfaceOrientationPortrait UIInterfaceOrientationPortraitUpsideDown UIInterfaceOrientationLandscapeLeft UIInterfaceOrientationLandscapeRight";
				INFOPLIST_KEY_UISupportedInterfaceOrientations_iPhone = "UIInterfaceOrientationPortrait UIInterfaceOrientationLandscapeLeft UIInterfaceOrientationLandscapeRight";
				LD_RUNPATH_SEARCH_PATHS = (
					"$(inherited)",
					"@executable_path/Frameworks",
				);
				MARKETING_VERSION = 1.0;
				PRODUCT_BUNDLE_IDENTIFIER = com.jerrie.JerrieTest.CoreImageApp;
				PRODUCT_NAME = "$(TARGET_NAME)";
				SWIFT_EMIT_LOC_STRINGS = YES;
				SWIFT_VERSION = 5.0;
				TARGETED_DEVICE_FAMILY = "1,2";
			};
			name = Debug;
		};
		D60DEC022C21C6F400FBB141 /* Release */ = {
			isa = XCBuildConfiguration;
			buildSettings = {
				ASSETCATALOG_COMPILER_APPICON_NAME = AppIcon;
				ASSETCATALOG_COMPILER_GLOBAL_ACCENT_COLOR_NAME = AccentColor;
				CODE_SIGN_STYLE = Automatic;
				CURRENT_PROJECT_VERSION = 1;
				DEVELOPMENT_ASSET_PATHS = "\"CoreImageApp/Preview Content\"";
				DEVELOPMENT_TEAM = Y4NF2XS64C;
				ENABLE_PREVIEWS = YES;
				GENERATE_INFOPLIST_FILE = YES;
				INFOPLIST_KEY_NSCameraUsageDescription = "카메라 좀 빌릴게욤";
				INFOPLIST_KEY_NSPhotoLibraryUsageDescription = "갤러리 가보자고";
				INFOPLIST_KEY_UIApplicationSceneManifest_Generation = YES;
				INFOPLIST_KEY_UIApplicationSupportsIndirectInputEvents = YES;
				INFOPLIST_KEY_UILaunchScreen_Generation = YES;
				INFOPLIST_KEY_UISupportedInterfaceOrientations_iPad = "UIInterfaceOrientationPortrait UIInterfaceOrientationPortraitUpsideDown UIInterfaceOrientationLandscapeLeft UIInterfaceOrientationLandscapeRight";
				INFOPLIST_KEY_UISupportedInterfaceOrientations_iPhone = "UIInterfaceOrientationPortrait UIInterfaceOrientationLandscapeLeft UIInterfaceOrientationLandscapeRight";
				LD_RUNPATH_SEARCH_PATHS = (
					"$(inherited)",
					"@executable_path/Frameworks",
				);
				MARKETING_VERSION = 1.0;
				PRODUCT_BUNDLE_IDENTIFIER = com.jerrie.JerrieTest.CoreImageApp;
				PRODUCT_NAME = "$(TARGET_NAME)";
				SWIFT_EMIT_LOC_STRINGS = YES;
				SWIFT_VERSION = 5.0;
				TARGETED_DEVICE_FAMILY = "1,2";
			};
			name = Release;
		};
/* End XCBuildConfiguration section */

/* Begin XCConfigurationList section */
		D60DEBED2C21C6F300FBB141 /* Build configuration list for PBXProject "CoreImageApp" */ = {
			isa = XCConfigurationList;
			buildConfigurations = (
				D60DEBFE2C21C6F400FBB141 /* Debug */,
				D60DEBFF2C21C6F400FBB141 /* Release */,
			);
			defaultConfigurationIsVisible = 0;
			defaultConfigurationName = Release;
		};
		D60DEC002C21C6F400FBB141 /* Build configuration list for PBXNativeTarget "CoreImageApp" */ = {
			isa = XCConfigurationList;
			buildConfigurations = (
				D60DEC012C21C6F400FBB141 /* Debug */,
				D60DEC022C21C6F400FBB141 /* Release */,
			);
			defaultConfigurationIsVisible = 0;
			defaultConfigurationName = Release;
		};
/* End XCConfigurationList section */
	};
	rootObject = D60DEBEA2C21C6F300FBB141 /* Project object */;
}
